# This file is automatically @generated by Cargo.
# It is not intended for manual editing.
version = 3

[[package]]
name = "cr4t3"
version = "3.0.0"
source = "registry+https://github.com/rust-lang/crates.io-index"
checksum = "733c0c703e16afe85bb738693b9819332002de9b31584b8d41162ce8f0959bde"

[[package]]
name = "cr4t3_2"
version = "4.0.0"
source = "registry+https://github.com/rust-lang/crates.io-index"
checksum = "583d4094e5c847fa44ee8a7221cd43aabe1070268d489bf0991fa067a7bc2073"
dependencies = [
 "cr4t3",
]

[[package]]
name = "cr4t3_2-test"
version = "0.1.0"
dependencies = [
 "cr4t3_2",
]
